
Microsoft Visual Studio Solution File, Format Version 12.00
# Visual Studio Version 17
VisualStudioVersion = 17.11.35327.3
MinimumVisualStudioVersion = 10.0.40219.1
Project("{FAE04EC0-301F-11D3-BF4B-00C04F79EFBC}") = "CSharpMajordomo", "CSharpMajordomo\CSharpMajordomo\CSharpMajordomo.csproj", "{EB44F955-7EDC-4D78-AE86-4A881F232B34}"
EndProject
Project("{FAE04EC0-301F-11D3-BF4B-00C04F79EFBC}") = "CSharpMajordomo.CodeFixes", "CSharpMajordomo\CSharpMajordomo.CodeFixes\CSharpMajordomo.CodeFixes.csproj", "{28C897F5-E672-43AB-B102-4ECFB401EFD3}"
EndProject
Project("{FAE04EC0-301F-11D3-BF4B-00C04F79EFBC}") = "CSharpMajordomo.Package", "CSharpMajordomo\CSharpMajordomo.Package\CSharpMajordomo.Package.csproj", "{A897D21B-D095-4D00-89B4-738933ECA2D6}"
EndProject
Project("{FAE04EC0-301F-11D3-BF4B-00C04F79EFBC}") = "CSharpMajordomo.Test", "CSharpMajordomo\CSharpMajordomo.Test\CSharpMajordomo.Test.csproj", "{5DECC911-8733-4187-8B63-6E57DBC3DAE6}"
EndProject
Project("{FAE04EC0-301F-11D3-BF4B-00C04F79EFBC}") = "CSharpMajordomo.Vsix", "CSharpMajordomo\CSharpMajordomo.Vsix\CSharpMajordomo.Vsix.csproj", "{32175BE3-5AC8-43C1-8833-F5DE7DE3F3C7}"
EndProject
Global
	GlobalSection(SolutionConfigurationPlatforms) = preSolution
		Debug|Any CPU = Debug|Any CPU
		Release|Any CPU = Release|Any CPU
	EndGlobalSection
	GlobalSection(ProjectConfigurationPlatforms) = postSolution
		{EB44F955-7EDC-4D78-AE86-4A881F232B34}.Debug|Any CPU.ActiveCfg = Debug|Any CPU
		{EB44F955-7EDC-4D78-AE86-4A881F232B34}.Debug|Any CPU.Build.0 = Debug|Any CPU
		{EB44F955-7EDC-4D78-AE86-4A881F232B34}.Release|Any CPU.ActiveCfg = Release|Any CPU
		{EB44F955-7EDC-4D78-AE86-4A881F232B34}.Release|Any CPU.Build.0 = Release|Any CPU
		{28C897F5-E672-43AB-B102-4ECFB401EFD3}.Debug|Any CPU.ActiveCfg = Debug|Any CPU
		{28C897F5-E672-43AB-B102-4ECFB401EFD3}.Debug|Any CPU.Build.0 = Debug|Any CPU
		{28C897F5-E672-43AB-B102-4ECFB401EFD3}.Release|Any CPU.ActiveCfg = Release|Any CPU
		{28C897F5-E672-43AB-B102-4ECFB401EFD3}.Release|Any CPU.Build.0 = Release|Any CPU
		{A897D21B-D095-4D00-89B4-738933ECA2D6}.Debug|Any CPU.ActiveCfg = Debug|Any CPU
		{A897D21B-D095-4D00-89B4-738933ECA2D6}.Debug|Any CPU.Build.0 = Debug|Any CPU
		{A897D21B-D095-4D00-89B4-738933ECA2D6}.Release|Any CPU.ActiveCfg = Release|Any CPU
		{A897D21B-D095-4D00-89B4-738933ECA2D6}.Release|Any CPU.Build.0 = Release|Any CPU
		{5DECC911-8733-4187-8B63-6E57DBC3DAE6}.Debug|Any CPU.ActiveCfg = Debug|Any CPU
		{5DECC911-8733-4187-8B63-6E57DBC3DAE6}.Debug|Any CPU.Build.0 = Debug|Any CPU
		{5DECC911-8733-4187-8B63-6E57DBC3DAE6}.Release|Any CPU.ActiveCfg = Release|Any CPU
		{5DECC911-8733-4187-8B63-6E57DBC3DAE6}.Release|Any CPU.Build.0 = Release|Any CPU
		{32175BE3-5AC8-43C1-8833-F5DE7DE3F3C7}.Debug|Any CPU.ActiveCfg = Debug|Any CPU
		{32175BE3-5AC8-43C1-8833-F5DE7DE3F3C7}.Debug|Any CPU.Build.0 = Debug|Any CPU
		{32175BE3-5AC8-43C1-8833-F5DE7DE3F3C7}.Release|Any CPU.ActiveCfg = Release|Any CPU
		{32175BE3-5AC8-43C1-8833-F5DE7DE3F3C7}.Release|Any CPU.Build.0 = Release|Any CPU
	EndGlobalSection
	GlobalSection(SolutionProperties) = preSolution
		HideSolutionNode = FALSE
	EndGlobalSection
	GlobalSection(ExtensibilityGlobals) = postSolution
		SolutionGuid = {37C34C6E-9D8F-48E4-A879-38180D1DF218}
	EndGlobalSection
EndGlobal
